// !$*UTF8*$!
{
	archiveVersion = 1;
	classes = {
	};
	objectVersion = 51;
	objects = {

/* Begin PBXBuildFile section */
		1819D75B262B97B100C560E8 /* paint-preloader.gif in Resources */ = {isa = PBXBuildFile; fileRef = 1819D759262B97B000C560E8 /* paint-preloader.gif */; };
		1819D75C262B97B100C560E8 /* Logo.png in Resources */ = {isa = PBXBuildFile; fileRef = 1819D75A262B97B100C560E8 /* Logo.png */; };
		181E469726320C5700B435B1 /* ORImage.png in Resources */ = {isa = PBXBuildFile; fileRef = 181E469626320C5700B435B1 /* ORImage.png */; };
		181E469C2632455600B435B1 /* CalculatePaint.swift in Sources */ = {isa = PBXBuildFile; fileRef = 181E469B2632455600B435B1 /* CalculatePaint.swift */; };
		183F458727305A5C009057BB /* FTIndicator.m in Sources */ = {isa = PBXBuildFile; fileRef = 183F457A27305A5B009057BB /* FTIndicator.m */; };
		183F458827305A5C009057BB /* FTProgressIndicator.bundle in Resources */ = {isa = PBXBuildFile; fileRef = 183F457C27305A5C009057BB /* FTProgressIndicator.bundle */; };
		183F458927305A5C009057BB /* RTS2TFZF.jpg in Resources */ = {isa = PBXBuildFile; fileRef = 183F457E27305A5C009057BB /* RTS2TFZF.jpg */; };
		183F458A27305A5C009057BB /* FTProgressIndicator.m in Sources */ = {isa = PBXBuildFile; fileRef = 183F457F27305A5C009057BB /* FTProgressIndicator.m */; };
		183F458B27305A5C009057BB /* FTNotificationIndicator.m in Sources */ = {isa = PBXBuildFile; fileRef = 183F458127305A5C009057BB /* FTNotificationIndicator.m */; };
		183F458C27305A5C009057BB /* FTToastIndicator.m in Sources */ = {isa = PBXBuildFile; fileRef = 183F458527305A5C009057BB /* FTToastIndicator.m */; };
		184BB94B2630BF1400CE0809 /* Infoo.swift in Sources */ = {isa = PBXBuildFile; fileRef = 184BB94A2630BF1400CE0809 /* Infoo.swift */; };
		18561651263B5DA200D26DE0 /* IQDropDownTextField.m in Sources */ = {isa = PBXBuildFile; fileRef = 18561650263B5DA200D26DE0 /* IQDropDownTextField.m */; };
		18612F9926362E1000A0288E /* opencv2.framework in Frameworks */ = {isa = PBXBuildFile; fileRef = 1892E242263370010008DE29 /* opencv2.framework */; };
		1892E21C26336DF20008DE29 /* PaintTests.xctest in Resources */ = {isa = PBXBuildFile; fileRef = ED757428235DAFD9004967A1 /* PaintTests.xctest */; };
		1892E21D26336DF60008DE29 /* PaintUITests.xctest in Resources */ = {isa = PBXBuildFile; fileRef = ED757433235DAFD9004967A1 /* PaintUITests.xctest */; };
		1892E26C263391010008DE29 /* Info11.png in Resources */ = {isa = PBXBuildFile; fileRef = 1892E26B263391010008DE29 /* Info11.png */; };
		1892E2762633920C0008DE29 /* ConatctUsVC.m in Sources */ = {isa = PBXBuildFile; fileRef = 1892E2752633920C0008DE29 /* ConatctUsVC.m */; };
		18937B1A262E1DD10045E93F /* CoreMedia.framework in Frameworks */ = {isa = PBXBuildFile; fileRef = 18937B19262E1DD10045E93F /* CoreMedia.framework */; };
		18937B1C262E1DDF0045E93F /* AVFoundation.framework in Frameworks */ = {isa = PBXBuildFile; fileRef = 18937B1B262E1DDE0045E93F /* AVFoundation.framework */; };
		18937B48262E20AF0045E93F /* AssetsLibrary.framework in Frameworks */ = {isa = PBXBuildFile; fileRef = 18937B47262E20AF0045E93F /* AssetsLibrary.framework */; };
		18937B5A262E328D0045E93F /* Paint1.swift in Sources */ = {isa = PBXBuildFile; fileRef = 18937B59262E328D0045E93F /* Paint1.swift */; };
		18937B91262E3AB10045E93F /* MainTabBarViewController.swift in Sources */ = {isa = PBXBuildFile; fileRef = 18937B90262E3AB10045E93F /* MainTabBarViewController.swift */; };
		40397584F51CCEBDAFC9AA81 /* libPods-Paint.a in Frameworks */ = {isa = PBXBuildFile; fileRef = B526C949BBF9F986A8E0F7C2 /* libPods-Paint.a */; };
		6ADD5303295BEFD000278D5C /* CalcViewController.swift in Sources */ = {isa = PBXBuildFile; fileRef = 6ADD5301295BEFCF00278D5C /* CalcViewController.swift */; };
		6ADD5304295BEFD000278D5C /* EnterTax.swift in Sources */ = {isa = PBXBuildFile; fileRef = 6ADD5302295BEFCF00278D5C /* EnterTax.swift */; };
		ED757416235DAFD4004967A1 /* AppDelegate.swift in Sources */ = {isa = PBXBuildFile; fileRef = ED757415235DAFD4004967A1 /* AppDelegate.swift */; };
		ED75741D235DAFD4004967A1 /* Main.storyboard in Resources */ = {isa = PBXBuildFile; fileRef = ED75741B235DAFD4004967A1 /* Main.storyboard */; };
		ED75741F235DAFD9004967A1 /* Assets.xcassets in Resources */ = {isa = PBXBuildFile; fileRef = ED75741E235DAFD9004967A1 /* Assets.xcassets */; };
		ED757422235DAFD9004967A1 /* LaunchScreen.storyboard in Resources */ = {isa = PBXBuildFile; fileRef = ED757420235DAFD9004967A1 /* LaunchScreen.storyboard */; };
		ED75744F235DBAAC004967A1 /* PaintViewController.swift in Sources */ = {isa = PBXBuildFile; fileRef = ED75744E235DBAAC004967A1 /* PaintViewController.swift */; };
		ED757451235EE4D0004967A1 /* SceneDelegate.swift in Sources */ = {isa = PBXBuildFile; fileRef = ED757450235EE4D0004967A1 /* SceneDelegate.swift */; };
		EDAB0FAA235F064F004394C9 /* WallPainter.cpp in Sources */ = {isa = PBXBuildFile; fileRef = EDAB0FA7235F064F004394C9 /* WallPainter.cpp */; };
		EDAB0FAB235F064F004394C9 /* WallPainterBridge.mm in Sources */ = {isa = PBXBuildFile; fileRef = EDAB0FA9235F064F004394C9 /* WallPainterBridge.mm */; };
		EDFF207A23604D82006893CD /* UIColor+Utilities.swift in Sources */ = {isa = PBXBuildFile; fileRef = EDFF207423604D82006893CD /* UIColor+Utilities.swift */; };
		EDFF207B23604D82006893CD /* ChromaHandle.swift in Sources */ = {isa = PBXBuildFile; fileRef = EDFF207523604D82006893CD /* ChromaHandle.swift */; };
		EDFF207C23604D82006893CD /* ChromaShadeSlider.swift in Sources */ = {isa = PBXBuildFile; fileRef = EDFF207623604D82006893CD /* ChromaShadeSlider.swift */; };
		EDFF207D23604D82006893CD /* ColorModeToggleButton.swift in Sources */ = {isa = PBXBuildFile; fileRef = EDFF207723604D82006893CD /* ColorModeToggleButton.swift */; };
		EDFF207E23604D82006893CD /* ChromaAddButton.swift in Sources */ = {isa = PBXBuildFile; fileRef = EDFF207823604D82006893CD /* ChromaAddButton.swift */; };
		EDFF207F23604D82006893CD /* ChromaColorPicker.swift in Sources */ = {isa = PBXBuildFile; fileRef = EDFF207923604D82006893CD /* ChromaColorPicker.swift */; };
/* End PBXBuildFile section */

/* Begin PBXContainerItemProxy section */
		ED757429235DAFD9004967A1 /* PBXContainerItemProxy */ = {
			isa = PBXContainerItemProxy;
			containerPortal = ED75740A235DAFD4004967A1 /* Project object */;
			proxyType = 1;
			remoteGlobalIDString = ED757411235DAFD4004967A1;
			remoteInfo = "Paint app StoryboardUI";
		};
		ED757434235DAFD9004967A1 /* PBXContainerItemProxy */ = {
			isa = PBXContainerItemProxy;
			containerPortal = ED75740A235DAFD4004967A1 /* Project object */;
			proxyType = 1;
			remoteGlobalIDString = ED757411235DAFD4004967A1;
			remoteInfo = "Paint app StoryboardUI";
		};
/* End PBXContainerItemProxy section */

/* Begin PBXFileReference section */
		1819D759262B97B000C560E8 /* paint-preloader.gif */ = {isa = PBXFileReference; lastKnownFileType = image.gif; path = "paint-preloader.gif"; sourceTree = "<group>"; };
		1819D75A262B97B100C560E8 /* Logo.png */ = {isa = PBXFileReference; lastKnownFileType = image.png; path = Logo.png; sourceTree = "<group>"; };
		181E469626320C5700B435B1 /* ORImage.png */ = {isa = PBXFileReference; lastKnownFileType = image.png; path = ORImage.png; sourceTree = "<group>"; };
		181E469B2632455600B435B1 /* CalculatePaint.swift */ = {isa = PBXFileReference; lastKnownFileType = sourcecode.swift; path = CalculatePaint.swift; sourceTree = "<group>"; };
		183F457A27305A5B009057BB /* FTIndicator.m */ = {isa = PBXFileReference; fileEncoding = 4; lastKnownFileType = sourcecode.c.objc; path = FTIndicator.m; sourceTree = "<group>"; };
		183F457C27305A5C009057BB /* FTProgressIndicator.bundle */ = {isa = PBXFileReference; lastKnownFileType = "wrapper.plug-in"; path = FTProgressIndicator.bundle; sourceTree = "<group>"; };
		183F457D27305A5C009057BB /* FTProgressIndicator.h */ = {isa = PBXFileReference; fileEncoding = 4; lastKnownFileType = sourcecode.c.h; path = FTProgressIndicator.h; sourceTree = "<group>"; };
		183F457E27305A5C009057BB /* RTS2TFZF.jpg */ = {isa = PBXFileReference; lastKnownFileType = image.jpeg; path = RTS2TFZF.jpg; sourceTree = "<group>"; };
		183F457F27305A5C009057BB /* FTProgressIndicator.m */ = {isa = PBXFileReference; fileEncoding = 4; lastKnownFileType = sourcecode.c.objc; path = FTProgressIndicator.m; sourceTree = "<group>"; };
		183F458127305A5C009057BB /* FTNotificationIndicator.m */ = {isa = PBXFileReference; fileEncoding = 4; lastKnownFileType = sourcecode.c.objc; path = FTNotificationIndicator.m; sourceTree = "<group>"; };
		183F458227305A5C009057BB /* FTNotificationIndicator.h */ = {isa = PBXFileReference; fileEncoding = 4; lastKnownFileType = sourcecode.c.h; path = FTNotificationIndicator.h; sourceTree = "<group>"; };
		183F458327305A5C009057BB /* FTIndicator.h */ = {isa = PBXFileReference; fileEncoding = 4; lastKnownFileType = sourcecode.c.h; path = FTIndicator.h; sourceTree = "<group>"; };
		183F458527305A5C009057BB /* FTToastIndicator.m */ = {isa = PBXFileReference; fileEncoding = 4; lastKnownFileType = sourcecode.c.objc; path = FTToastIndicator.m; sourceTree = "<group>"; };
		183F458627305A5C009057BB /* FTToastIndicator.h */ = {isa = PBXFileReference; fileEncoding = 4; lastKnownFileType = sourcecode.c.h; path = FTToastIndicator.h; sourceTree = "<group>"; };
		184BB94A2630BF1400CE0809 /* Infoo.swift */ = {isa = PBXFileReference; lastKnownFileType = sourcecode.swift; path = Infoo.swift; sourceTree = "<group>"; };
		1856164F263B5DA200D26DE0 /* IQDropDownTextField.h */ = {isa = PBXFileReference; fileEncoding = 4; lastKnownFileType = sourcecode.c.h; path = IQDropDownTextField.h; sourceTree = "<group>"; };
		18561650263B5DA200D26DE0 /* IQDropDownTextField.m */ = {isa = PBXFileReference; fileEncoding = 4; lastKnownFileType = sourcecode.c.objc; path = IQDropDownTextField.m; sourceTree = "<group>"; };
		1892E242263370010008DE29 /* opencv2.framework */ = {isa = PBXFileReference; lastKnownFileType = wrapper.framework; path = opencv2.framework; sourceTree = "<group>"; };
		1892E26B263391010008DE29 /* Info11.png */ = {isa = PBXFileReference; lastKnownFileType = image.png; path = Info11.png; sourceTree = "<group>"; };
		1892E2742633920C0008DE29 /* ConatctUsVC.h */ = {isa = PBXFileReference; lastKnownFileType = sourcecode.c.h; path = ConatctUsVC.h; sourceTree = "<group>"; };
		1892E2752633920C0008DE29 /* ConatctUsVC.m */ = {isa = PBXFileReference; lastKnownFileType = sourcecode.c.objc; path = ConatctUsVC.m; sourceTree = "<group>"; };
		18937B19262E1DD10045E93F /* CoreMedia.framework */ = {isa = PBXFileReference; lastKnownFileType = wrapper.framework; name = CoreMedia.framework; path = System/Library/Frameworks/CoreMedia.framework; sourceTree = SDKROOT; };
		18937B1B262E1DDE0045E93F /* AVFoundation.framework */ = {isa = PBXFileReference; lastKnownFileType = wrapper.framework; name = AVFoundation.framework; path = System/Library/Frameworks/AVFoundation.framework; sourceTree = SDKROOT; };
		18937B47262E20AF0045E93F /* AssetsLibrary.framework */ = {isa = PBXFileReference; lastKnownFileType = wrapper.framework; name = AssetsLibrary.framework; path = System/Library/Frameworks/AssetsLibrary.framework; sourceTree = SDKROOT; };
		18937B59262E328D0045E93F /* Paint1.swift */ = {isa = PBXFileReference; lastKnownFileType = sourcecode.swift; path = Paint1.swift; sourceTree = "<group>"; };
		18937B90262E3AB10045E93F /* MainTabBarViewController.swift */ = {isa = PBXFileReference; lastKnownFileType = sourcecode.swift; path = MainTabBarViewController.swift; sourceTree = "<group>"; };
		4798AA6BC46E6B586BDBE311 /* Pods-Paint.debug.xcconfig */ = {isa = PBXFileReference; includeInIndex = 1; lastKnownFileType = text.xcconfig; name = "Pods-Paint.debug.xcconfig"; path = "Target Support Files/Pods-Paint/Pods-Paint.debug.xcconfig"; sourceTree = "<group>"; };
		49F9881C8FE616661772A13A /* Pods-Paint.release.xcconfig */ = {isa = PBXFileReference; includeInIndex = 1; lastKnownFileType = text.xcconfig; name = "Pods-Paint.release.xcconfig"; path = "Target Support Files/Pods-Paint/Pods-Paint.release.xcconfig"; sourceTree = "<group>"; };
		6ADD5301295BEFCF00278D5C /* CalcViewController.swift */ = {isa = PBXFileReference; fileEncoding = 4; lastKnownFileType = sourcecode.swift; path = CalcViewController.swift; sourceTree = "<group>"; };
		6ADD5302295BEFCF00278D5C /* EnterTax.swift */ = {isa = PBXFileReference; fileEncoding = 4; lastKnownFileType = sourcecode.swift; path = EnterTax.swift; sourceTree = "<group>"; };
		B526C949BBF9F986A8E0F7C2 /* libPods-Paint.a */ = {isa = PBXFileReference; explicitFileType = archive.ar; includeInIndex = 0; path = "libPods-Paint.a"; sourceTree = BUILT_PRODUCTS_DIR; };
		ED757412235DAFD4004967A1 /* Paint.app */ = {isa = PBXFileReference; explicitFileType = wrapper.application; includeInIndex = 0; path = Paint.app; sourceTree = BUILT_PRODUCTS_DIR; };
		ED757415235DAFD4004967A1 /* AppDelegate.swift */ = {isa = PBXFileReference; lastKnownFileType = sourcecode.swift; path = AppDelegate.swift; sourceTree = "<group>"; };
		ED75741C235DAFD4004967A1 /* Base */ = {isa = PBXFileReference; lastKnownFileType = file.storyboard; name = Base; path = Base.lproj/Main.storyboard; sourceTree = "<group>"; };
		ED75741E235DAFD9004967A1 /* Assets.xcassets */ = {isa = PBXFileReference; lastKnownFileType = folder.assetcatalog; path = Assets.xcassets; sourceTree = "<group>"; };
		ED757421235DAFD9004967A1 /* Base */ = {isa = PBXFileReference; lastKnownFileType = file.storyboard; name = Base; path = Base.lproj/LaunchScreen.storyboard; sourceTree = "<group>"; };
		ED757423235DAFD9004967A1 /* Info.plist */ = {isa = PBXFileReference; lastKnownFileType = text.plist.xml; path = Info.plist; sourceTree = "<group>"; };
		ED757428235DAFD9004967A1 /* PaintTests.xctest */ = {isa = PBXFileReference; explicitFileType = wrapper.cfbundle; includeInIndex = 0; path = PaintTests.xctest; sourceTree = BUILT_PRODUCTS_DIR; };
		ED75742C235DAFD9004967A1 /* Paint_app_StoryboardUITests.swift */ = {isa = PBXFileReference; lastKnownFileType = sourcecode.swift; path = Paint_app_StoryboardUITests.swift; sourceTree = "<group>"; };
		ED75742E235DAFD9004967A1 /* Info.plist */ = {isa = PBXFileReference; lastKnownFileType = text.plist.xml; path = Info.plist; sourceTree = "<group>"; };
		ED757433235DAFD9004967A1 /* PaintUITests.xctest */ = {isa = PBXFileReference; explicitFileType = wrapper.cfbundle; includeInIndex = 0; path = PaintUITests.xctest; sourceTree = BUILT_PRODUCTS_DIR; };
		ED757437235DAFD9004967A1 /* Paint_app_StoryboardUIUITests.swift */ = {isa = PBXFileReference; lastKnownFileType = sourcecode.swift; path = Paint_app_StoryboardUIUITests.swift; sourceTree = "<group>"; };
		ED757439235DAFD9004967A1 /* Info.plist */ = {isa = PBXFileReference; lastKnownFileType = text.plist.xml; path = Info.plist; sourceTree = "<group>"; };
		ED757447235DB108004967A1 /* Paint-Bridging-Header.h */ = {isa = PBXFileReference; lastKnownFileType = sourcecode.c.h; path = "Paint-Bridging-Header.h"; sourceTree = "<group>"; };
		ED75744E235DBAAC004967A1 /* PaintViewController.swift */ = {isa = PBXFileReference; lastKnownFileType = sourcecode.swift; path = PaintViewController.swift; sourceTree = "<group>"; };
		ED757450235EE4D0004967A1 /* SceneDelegate.swift */ = {isa = PBXFileReference; fileEncoding = 4; lastKnownFileType = sourcecode.swift; path = SceneDelegate.swift; sourceTree = "<group>"; };
		EDAB0FA6235F064F004394C9 /* WallPainterBridge.h */ = {isa = PBXFileReference; fileEncoding = 4; lastKnownFileType = sourcecode.c.h; path = WallPainterBridge.h; sourceTree = "<group>"; };
		EDAB0FA7235F064F004394C9 /* WallPainter.cpp */ = {isa = PBXFileReference; fileEncoding = 4; lastKnownFileType = sourcecode.cpp.cpp; path = WallPainter.cpp; sourceTree = "<group>"; };
		EDAB0FA8235F064F004394C9 /* WallPainter.hpp */ = {isa = PBXFileReference; fileEncoding = 4; lastKnownFileType = sourcecode.cpp.h; path = WallPainter.hpp; sourceTree = "<group>"; };
		EDAB0FA9235F064F004394C9 /* WallPainterBridge.mm */ = {isa = PBXFileReference; fileEncoding = 4; lastKnownFileType = sourcecode.cpp.objcpp; path = WallPainterBridge.mm; sourceTree = "<group>"; };
		EDFF207423604D82006893CD /* UIColor+Utilities.swift */ = {isa = PBXFileReference; fileEncoding = 4; lastKnownFileType = sourcecode.swift; path = "UIColor+Utilities.swift"; sourceTree = "<group>"; };
		EDFF207523604D82006893CD /* ChromaHandle.swift */ = {isa = PBXFileReference; fileEncoding = 4; lastKnownFileType = sourcecode.swift; path = ChromaHandle.swift; sourceTree = "<group>"; };
		EDFF207623604D82006893CD /* ChromaShadeSlider.swift */ = {isa = PBXFileReference; fileEncoding = 4; lastKnownFileType = sourcecode.swift; path = ChromaShadeSlider.swift; sourceTree = "<group>"; };
		EDFF207723604D82006893CD /* ColorModeToggleButton.swift */ = {isa = PBXFileReference; fileEncoding = 4; lastKnownFileType = sourcecode.swift; path = ColorModeToggleButton.swift; sourceTree = "<group>"; };
		EDFF207823604D82006893CD /* ChromaAddButton.swift */ = {isa = PBXFileReference; fileEncoding = 4; lastKnownFileType = sourcecode.swift; path = ChromaAddButton.swift; sourceTree = "<group>"; };
		EDFF207923604D82006893CD /* ChromaColorPicker.swift */ = {isa = PBXFileReference; fileEncoding = 4; lastKnownFileType = sourcecode.swift; path = ChromaColorPicker.swift; sourceTree = "<group>"; };
/* End PBXFileReference section */

/* Begin PBXFrameworksBuildPhase section */
		ED75740F235DAFD4004967A1 /* Frameworks */ = {
			isa = PBXFrameworksBuildPhase;
			buildActionMask = 2147483647;
			files = (
				18937B48262E20AF0045E93F /* AssetsLibrary.framework in Frameworks */,
				18937B1C262E1DDF0045E93F /* AVFoundation.framework in Frameworks */,
				18937B1A262E1DD10045E93F /* CoreMedia.framework in Frameworks */,
				18612F9926362E1000A0288E /* opencv2.framework in Frameworks */,
				40397584F51CCEBDAFC9AA81 /* libPods-Paint.a in Frameworks */,
			);
			runOnlyForDeploymentPostprocessing = 0;
		};
		ED757425235DAFD9004967A1 /* Frameworks */ = {
			isa = PBXFrameworksBuildPhase;
			buildActionMask = 2147483647;
			files = (
			);
			runOnlyForDeploymentPostprocessing = 0;
		};
		ED757430235DAFD9004967A1 /* Frameworks */ = {
			isa = PBXFrameworksBuildPhase;
			buildActionMask = 2147483647;
			files = (
			);
			runOnlyForDeploymentPostprocessing = 0;
		};
/* End PBXFrameworksBuildPhase section */

/* Begin PBXGroup section */
		183F457B27305A5C009057BB /* FTProgressIndicator */ = {
			isa = PBXGroup;
			children = (
				183F457C27305A5C009057BB /* FTProgressIndicator.bundle */,
				183F457D27305A5C009057BB /* FTProgressIndicator.h */,
				183F457E27305A5C009057BB /* RTS2TFZF.jpg */,
				183F457F27305A5C009057BB /* FTProgressIndicator.m */,
			);
			path = FTProgressIndicator;
			sourceTree = "<group>";
		};
		183F458027305A5C009057BB /* FTNotificationIndicator */ = {
			isa = PBXGroup;
			children = (
				183F458127305A5C009057BB /* FTNotificationIndicator.m */,
				183F458227305A5C009057BB /* FTNotificationIndicator.h */,
			);
			path = FTNotificationIndicator;
			sourceTree = "<group>";
		};
		183F458427305A5C009057BB /* FTToastIndicator */ = {
			isa = PBXGroup;
			children = (
				183F458527305A5C009057BB /* FTToastIndicator.m */,
				183F458627305A5C009057BB /* FTToastIndicator.h */,
			);
			path = FTToastIndicator;
			sourceTree = "<group>";
		};
		1856164E263B5DA200D26DE0 /* IQDropDownTextField */ = {
			isa = PBXGroup;
			children = (
				1856164F263B5DA200D26DE0 /* IQDropDownTextField.h */,
				18561650263B5DA200D26DE0 /* IQDropDownTextField.m */,
			);
			path = IQDropDownTextField;
			sourceTree = "<group>";
		};
		1892E273263391F60008DE29 /* Contact US */ = {
			isa = PBXGroup;
			children = (
				1892E2742633920C0008DE29 /* ConatctUsVC.h */,
				1892E2752633920C0008DE29 /* ConatctUsVC.m */,
			);
			path = "Contact US";
			sourceTree = "<group>";
		};
		18937AEC262E0E100045E93F /* Libs */ = {
			isa = PBXGroup;
			children = (
				6ADD5300295BEFCF00278D5C /* calc */,
				183F458327305A5C009057BB /* FTIndicator.h */,
				183F457A27305A5B009057BB /* FTIndicator.m */,
				183F458027305A5C009057BB /* FTNotificationIndicator */,
				183F457B27305A5C009057BB /* FTProgressIndicator */,
				183F458427305A5C009057BB /* FTToastIndicator */,
			);
			path = Libs;
			sourceTree = "<group>";
		};
		49274CC4E23479AB2D9CDBB4 /* Pods */ = {
			isa = PBXGroup;
			children = (
				4798AA6BC46E6B586BDBE311 /* Pods-Paint.debug.xcconfig */,
				49F9881C8FE616661772A13A /* Pods-Paint.release.xcconfig */,
			);
			path = Pods;
			sourceTree = "<group>";
		};
		6ADD5300295BEFCF00278D5C /* calc */ = {
			isa = PBXGroup;
			children = (
				6ADD5301295BEFCF00278D5C /* CalcViewController.swift */,
				6ADD5302295BEFCF00278D5C /* EnterTax.swift */,
			);
			path = calc;
			sourceTree = "<group>";
		};
		A5E9BA0BBB246FCBC6BF0123 /* Frameworks */ = {
			isa = PBXGroup;
			children = (
				18937B47262E20AF0045E93F /* AssetsLibrary.framework */,
				18937B1B262E1DDE0045E93F /* AVFoundation.framework */,
				18937B19262E1DD10045E93F /* CoreMedia.framework */,
				B526C949BBF9F986A8E0F7C2 /* libPods-Paint.a */,
			);
			name = Frameworks;
			sourceTree = "<group>";
		};
		ED757409235DAFD4004967A1 = {
			isa = PBXGroup;
			children = (
				ED757414235DAFD4004967A1 /* Paint */,
				ED75742B235DAFD9004967A1 /* PaintTests */,
				ED757436235DAFD9004967A1 /* PaintUITests */,
				ED757413235DAFD4004967A1 /* Products */,
				A5E9BA0BBB246FCBC6BF0123 /* Frameworks */,
				49274CC4E23479AB2D9CDBB4 /* Pods */,
			);
			sourceTree = "<group>";
		};
		ED757413235DAFD4004967A1 /* Products */ = {
			isa = PBXGroup;
			children = (
				ED757412235DAFD4004967A1 /* Paint.app */,
				ED757428235DAFD9004967A1 /* PaintTests.xctest */,
				ED757433235DAFD9004967A1 /* PaintUITests.xctest */,
			);
			name = Products;
			sourceTree = "<group>";
		};
		ED757414235DAFD4004967A1 /* Paint */ = {
			isa = PBXGroup;
			children = (
				181E469626320C5700B435B1 /* ORImage.png */,
				EDC7A34A24421A66002518A1 /* Chroma Color Picker */,
				ED757415235DAFD4004967A1 /* AppDelegate.swift */,
				18937B90262E3AB10045E93F /* MainTabBarViewController.swift */,
				1856164E263B5DA200D26DE0 /* IQDropDownTextField */,
				184BB94A2630BF1400CE0809 /* Infoo.swift */,
				1892E242263370010008DE29 /* opencv2.framework */,
				18937AEC262E0E100045E93F /* Libs */,
				ED75744E235DBAAC004967A1 /* PaintViewController.swift */,
				18937B59262E328D0045E93F /* Paint1.swift */,
				181E469B2632455600B435B1 /* CalculatePaint.swift */,
				1892E273263391F60008DE29 /* Contact US */,
				1819D75A262B97B100C560E8 /* Logo.png */,
				1819D759262B97B000C560E8 /* paint-preloader.gif */,
				ED757450235EE4D0004967A1 /* SceneDelegate.swift */,
				EDAB0FA7235F064F004394C9 /* WallPainter.cpp */,
				EDAB0FA8235F064F004394C9 /* WallPainter.hpp */,
				EDAB0FA6235F064F004394C9 /* WallPainterBridge.h */,
				EDAB0FA9235F064F004394C9 /* WallPainterBridge.mm */,
				ED757447235DB108004967A1 /* Paint-Bridging-Header.h */,
				EDFF207423604D82006893CD /* UIColor+Utilities.swift */,
				ED75741B235DAFD4004967A1 /* Main.storyboard */,
				ED75741E235DAFD9004967A1 /* Assets.xcassets */,
				ED757420235DAFD9004967A1 /* LaunchScreen.storyboard */,
				ED757423235DAFD9004967A1 /* Info.plist */,
			);
			path = Paint;
			sourceTree = "<group>";
		};
		ED75742B235DAFD9004967A1 /* PaintTests */ = {
			isa = PBXGroup;
			children = (
				ED75742C235DAFD9004967A1 /* Paint_app_StoryboardUITests.swift */,
				ED75742E235DAFD9004967A1 /* Info.plist */,
			);
			path = PaintTests;
			sourceTree = "<group>";
		};
		ED757436235DAFD9004967A1 /* PaintUITests */ = {
			isa = PBXGroup;
			children = (
				ED757437235DAFD9004967A1 /* Paint_app_StoryboardUIUITests.swift */,
				ED757439235DAFD9004967A1 /* Info.plist */,
			);
			path = PaintUITests;
			sourceTree = "<group>";
		};
		EDC7A34A24421A66002518A1 /* Chroma Color Picker */ = {
			isa = PBXGroup;
			children = (
				1892E26B263391010008DE29 /* Info11.png */,
				EDFF207823604D82006893CD /* ChromaAddButton.swift */,
				EDFF207923604D82006893CD /* ChromaColorPicker.swift */,
				EDFF207523604D82006893CD /* ChromaHandle.swift */,
				EDFF207623604D82006893CD /* ChromaShadeSlider.swift */,
				EDFF207723604D82006893CD /* ColorModeToggleButton.swift */,
			);
			path = "Chroma Color Picker";
			sourceTree = "<group>";
		};
/* End PBXGroup section */

/* Begin PBXNativeTarget section */
		ED757411235DAFD4004967A1 /* Paint */ = {
			isa = PBXNativeTarget;
			buildConfigurationList = ED75743C235DAFD9004967A1 /* Build configuration list for PBXNativeTarget "Paint" */;
			buildPhases = (
				3145D6AE3E92F7DE97CBF0C6 /* [CP] Check Pods Manifest.lock */,
				ED75740E235DAFD4004967A1 /* Sources */,
				ED75740F235DAFD4004967A1 /* Frameworks */,
				ED757410235DAFD4004967A1 /* Resources */,
				99FA6BB6C53B9E5846DAE632 /* [CP] Copy Pods Resources */,
			);
			buildRules = (
			);
			dependencies = (
			);
			name = Paint;
			productName = "Paint app StoryboardUI";
			productReference = ED757412235DAFD4004967A1 /* Paint.app */;
			productType = "com.apple.product-type.application";
		};
		ED757427235DAFD9004967A1 /* PaintTests */ = {
			isa = PBXNativeTarget;
			buildConfigurationList = ED75743F235DAFD9004967A1 /* Build configuration list for PBXNativeTarget "PaintTests" */;
			buildPhases = (
				ED757424235DAFD9004967A1 /* Sources */,
				ED757425235DAFD9004967A1 /* Frameworks */,
				ED757426235DAFD9004967A1 /* Resources */,
			);
			buildRules = (
			);
			dependencies = (
				ED75742A235DAFD9004967A1 /* PBXTargetDependency */,
			);
			name = PaintTests;
			productName = "Paint app StoryboardUITests";
			productReference = ED757428235DAFD9004967A1 /* PaintTests.xctest */;
			productType = "com.apple.product-type.bundle.unit-test";
		};
		ED757432235DAFD9004967A1 /* PaintUITests */ = {
			isa = PBXNativeTarget;
			buildConfigurationList = ED757442235DAFD9004967A1 /* Build configuration list for PBXNativeTarget "PaintUITests" */;
			buildPhases = (
				ED75742F235DAFD9004967A1 /* Sources */,
				ED757430235DAFD9004967A1 /* Frameworks */,
				ED757431235DAFD9004967A1 /* Resources */,
			);
			buildRules = (
			);
			dependencies = (
				ED757435235DAFD9004967A1 /* PBXTargetDependency */,
			);
			name = PaintUITests;
			productName = "Paint app StoryboardUIUITests";
			productReference = ED757433235DAFD9004967A1 /* PaintUITests.xctest */;
			productType = "com.apple.product-type.bundle.ui-testing";
		};
/* End PBXNativeTarget section */

/* Begin PBXProject section */
		ED75740A235DAFD4004967A1 /* Project object */ = {
			isa = PBXProject;
			attributes = {
				LastSwiftUpdateCheck = 1110;
				LastUpgradeCheck = 1110;
				ORGANIZATIONNAME = "Hot Cocoa Software";
				TargetAttributes = {
					ED757411235DAFD4004967A1 = {
						CreatedOnToolsVersion = 11.1;
						LastSwiftMigration = 1110;
					};
					ED757427235DAFD9004967A1 = {
						CreatedOnToolsVersion = 11.1;
						TestTargetID = ED757411235DAFD4004967A1;
					};
					ED757432235DAFD9004967A1 = {
						CreatedOnToolsVersion = 11.1;
						TestTargetID = ED757411235DAFD4004967A1;
					};
				};
			};
			buildConfigurationList = ED75740D235DAFD4004967A1 /* Build configuration list for PBXProject "Paint" */;
			compatibilityVersion = "Xcode 9.3";
			developmentRegion = en;
			hasScannedForEncodings = 0;
			knownRegions = (
				en,
				Base,
				de,
				ar,
				"zh-Hans",
				ja,
				fa,
				es,
				it,
				sk,
				ms,
				cs,
				ko,
				"zh-Hant",
				"fa-IR",
				hu,
				"da-DK",
				tr,
				pl,
				"pt-BR",
				vi,
				ru,
				fr,
				fi,
				id,
				nl,
				pt,
				ro,
				ca,
			);
			mainGroup = ED757409235DAFD4004967A1;
			productRefGroup = ED757413235DAFD4004967A1 /* Products */;
			projectDirPath = "";
			projectRoot = "";
			targets = (
				ED757411235DAFD4004967A1 /* Paint */,
				ED757427235DAFD9004967A1 /* PaintTests */,
				ED757432235DAFD9004967A1 /* PaintUITests */,
			);
		};
/* End PBXProject section */

/* Begin PBXResourcesBuildPhase section */
		ED757410235DAFD4004967A1 /* Resources */ = {
			isa = PBXResourcesBuildPhase;
			buildActionMask = 2147483647;
			files = (
				ED757422235DAFD9004967A1 /* LaunchScreen.storyboard in Resources */,
				ED75741F235DAFD9004967A1 /* Assets.xcassets in Resources */,
				181E469726320C5700B435B1 /* ORImage.png in Resources */,
				1892E26C263391010008DE29 /* Info11.png in Resources */,
				183F458827305A5C009057BB /* FTProgressIndicator.bundle in Resources */,
				1819D75C262B97B100C560E8 /* Logo.png in Resources */,
				1819D75B262B97B100C560E8 /* paint-preloader.gif in Resources */,
				183F458927305A5C009057BB /* RTS2TFZF.jpg in Resources */,
				ED75741D235DAFD4004967A1 /* Main.storyboard in Resources */,
			);
			runOnlyForDeploymentPostprocessing = 0;
		};
		ED757426235DAFD9004967A1 /* Resources */ = {
			isa = PBXResourcesBuildPhase;
			buildActionMask = 2147483647;
			files = (
				1892E21C26336DF20008DE29 /* PaintTests.xctest in Resources */,
			);
			runOnlyForDeploymentPostprocessing = 0;
		};
		ED757431235DAFD9004967A1 /* Resources */ = {
			isa = PBXResourcesBuildPhase;
			buildActionMask = 2147483647;
			files = (
				1892E21D26336DF60008DE29 /* PaintUITests.xctest in Resources */,
			);
			runOnlyForDeploymentPostprocessing = 0;
		};
/* End PBXResourcesBuildPhase section */

/* Begin PBXShellScriptBuildPhase section */
		3145D6AE3E92F7DE97CBF0C6 /* [CP] Check Pods Manifest.lock */ = {
			isa = PBXShellScriptBuildPhase;
			buildActionMask = 2147483647;
			files = (
			);
			inputFileListPaths = (
			);
			inputPaths = (
				"${PODS_PODFILE_DIR_PATH}/Podfile.lock",
				"${PODS_ROOT}/Manifest.lock",
			);
			name = "[CP] Check Pods Manifest.lock";
			outputFileListPaths = (
			);
			outputPaths = (
				"$(DERIVED_FILE_DIR)/Pods-Paint-checkManifestLockResult.txt",
			);
			runOnlyForDeploymentPostprocessing = 0;
			shellPath = /bin/sh;
			shellScript = "diff \"${PODS_PODFILE_DIR_PATH}/Podfile.lock\" \"${PODS_ROOT}/Manifest.lock\" > /dev/null\nif [ $? != 0 ] ; then\n    # print error to STDERR\n    echo \"error: The sandbox is not in sync with the Podfile.lock. Run 'pod install' or update your CocoaPods installation.\" >&2\n    exit 1\nfi\n# This output is used by Xcode 'outputs' to avoid re-running this script phase.\necho \"SUCCESS\" > \"${SCRIPT_OUTPUT_FILE_0}\"\n";
			showEnvVarsInLog = 0;
		};
		99FA6BB6C53B9E5846DAE632 /* [CP] Copy Pods Resources */ = {
			isa = PBXShellScriptBuildPhase;
			buildActionMask = 2147483647;
			files = (
			);
			inputFileListPaths = (
				"${PODS_ROOT}/Target Support Files/Pods-Paint/Pods-Paint-resources-${CONFIGURATION}-input-files.xcfilelist",
			);
			name = "[CP] Copy Pods Resources";
			outputFileListPaths = (
				"${PODS_ROOT}/Target Support Files/Pods-Paint/Pods-Paint-resources-${CONFIGURATION}-output-files.xcfilelist",
			);
			runOnlyForDeploymentPostprocessing = 0;
			shellPath = /bin/sh;
			shellScript = "\"${PODS_ROOT}/Target Support Files/Pods-Paint/Pods-Paint-resources.sh\"\n";
			showEnvVarsInLog = 0;
		};
/* End PBXShellScriptBuildPhase section */

/* Begin PBXSourcesBuildPhase section */
		ED75740E235DAFD4004967A1 /* Sources */ = {
			isa = PBXSourcesBuildPhase;
			buildActionMask = 2147483647;
			files = (
				18937B91262E3AB10045E93F /* MainTabBarViewController.swift in Sources */,
				ED757451235EE4D0004967A1 /* SceneDelegate.swift in Sources */,
				EDAB0FAB235F064F004394C9 /* WallPainterBridge.mm in Sources */,
				6ADD5303295BEFD000278D5C /* CalcViewController.swift in Sources */,
				EDFF207D23604D82006893CD /* ColorModeToggleButton.swift in Sources */,
				183F458C27305A5C009057BB /* FTToastIndicator.m in Sources */,
				6ADD5304295BEFD000278D5C /* EnterTax.swift in Sources */,
				181E469C2632455600B435B1 /* CalculatePaint.swift in Sources */,
				EDFF207E23604D82006893CD /* ChromaAddButton.swift in Sources */,
				183F458B27305A5C009057BB /* FTNotificationIndicator.m in Sources */,
				EDFF207A23604D82006893CD /* UIColor+Utilities.swift in Sources */,
				ED75744F235DBAAC004967A1 /* PaintViewController.swift in Sources */,
				184BB94B2630BF1400CE0809 /* Infoo.swift in Sources */,
				EDFF207F23604D82006893CD /* ChromaColorPicker.swift in Sources */,
				EDFF207C23604D82006893CD /* ChromaShadeSlider.swift in Sources */,
				183F458727305A5C009057BB /* FTIndicator.m in Sources */,
				18561651263B5DA200D26DE0 /* IQDropDownTextField.m in Sources */,
				18937B5A262E328D0045E93F /* Paint1.swift in Sources */,
				EDFF207B23604D82006893CD /* ChromaHandle.swift in Sources */,
				ED757416235DAFD4004967A1 /* AppDelegate.swift in Sources */,
				EDAB0FAA235F064F004394C9 /* WallPainter.cpp in Sources */,
				1892E2762633920C0008DE29 /* ConatctUsVC.m in Sources */,
				183F458A27305A5C009057BB /* FTProgressIndicator.m in Sources */,
			);
			runOnlyForDeploymentPostprocessing = 0;
		};
		ED757424235DAFD9004967A1 /* Sources */ = {
			isa = PBXSourcesBuildPhase;
			buildActionMask = 2147483647;
			files = (
			);
			runOnlyForDeploymentPostprocessing = 0;
		};
		ED75742F235DAFD9004967A1 /* Sources */ = {
			isa = PBXSourcesBuildPhase;
			buildActionMask = 2147483647;
			files = (
			);
			runOnlyForDeploymentPostprocessing = 0;
		};
/* End PBXSourcesBuildPhase section */

/* Begin PBXTargetDependency section */
		ED75742A235DAFD9004967A1 /* PBXTargetDependency */ = {
			isa = PBXTargetDependency;
			target = ED757411235DAFD4004967A1 /* Paint */;
			targetProxy = ED757429235DAFD9004967A1 /* PBXContainerItemProxy */;
		};
		ED757435235DAFD9004967A1 /* PBXTargetDependency */ = {
			isa = PBXTargetDependency;
			target = ED757411235DAFD4004967A1 /* Paint */;
			targetProxy = ED757434235DAFD9004967A1 /* PBXContainerItemProxy */;
		};
/* End PBXTargetDependency section */

/* Begin PBXVariantGroup section */
		ED75741B235DAFD4004967A1 /* Main.storyboard */ = {
			isa = PBXVariantGroup;
			children = (
				ED75741C235DAFD4004967A1 /* Base */,
			);
			name = Main.storyboard;
			sourceTree = "<group>";
		};
		ED757420235DAFD9004967A1 /* LaunchScreen.storyboard */ = {
			isa = PBXVariantGroup;
			children = (
				ED757421235DAFD9004967A1 /* Base */,
			);
			name = LaunchScreen.storyboard;
			sourceTree = "<group>";
		};
/* End PBXVariantGroup section */

/* Begin XCBuildConfiguration section */
		ED75743A235DAFD9004967A1 /* Debug */ = {
			isa = XCBuildConfiguration;
			buildSettings = {
				ALWAYS_SEARCH_USER_PATHS = NO;
				CLANG_ANALYZER_NONNULL = YES;
				CLANG_ANALYZER_NUMBER_OBJECT_CONVERSION = YES_AGGRESSIVE;
				CLANG_CXX_LANGUAGE_STANDARD = "gnu++14";
				CLANG_CXX_LIBRARY = "libc++";
				CLANG_ENABLE_MODULES = YES;
				CLANG_ENABLE_OBJC_ARC = YES;
				CLANG_ENABLE_OBJC_WEAK = YES;
				CLANG_WARN_BLOCK_CAPTURE_AUTORELEASING = YES;
				CLANG_WARN_BOOL_CONVERSION = YES;
				CLANG_WARN_COMMA = YES;
				CLANG_WARN_CONSTANT_CONVERSION = YES;
				CLANG_WARN_DEPRECATED_OBJC_IMPLEMENTATIONS = YES;
				CLANG_WARN_DIRECT_OBJC_ISA_USAGE = YES_ERROR;
				CLANG_WARN_DOCUMENTATION_COMMENTS = YES;
				CLANG_WARN_EMPTY_BODY = YES;
				CLANG_WARN_ENUM_CONVERSION = YES;
				CLANG_WARN_INFINITE_RECURSION = YES;
				CLANG_WARN_INT_CONVERSION = YES;
				CLANG_WARN_NON_LITERAL_NULL_CONVERSION = YES;
				CLANG_WARN_OBJC_IMPLICIT_RETAIN_SELF = YES;
				CLANG_WARN_OBJC_LITERAL_CONVERSION = YES;
				CLANG_WARN_OBJC_ROOT_CLASS = YES_ERROR;
				CLANG_WARN_RANGE_LOOP_ANALYSIS = YES;
				CLANG_WARN_STRICT_PROTOTYPES = YES;
				CLANG_WARN_SUSPICIOUS_MOVE = YES;
				CLANG_WARN_UNGUARDED_AVAILABILITY = YES_AGGRESSIVE;
				CLANG_WARN_UNREACHABLE_CODE = YES;
				CLANG_WARN__DUPLICATE_METHOD_MATCH = YES;
				COPY_PHASE_STRIP = NO;
				DEBUG_INFORMATION_FORMAT = dwarf;
				ENABLE_BITCODE = NO;
				ENABLE_STRICT_OBJC_MSGSEND = YES;
				ENABLE_TESTABILITY = YES;
				GCC_C_LANGUAGE_STANDARD = gnu11;
				GCC_DYNAMIC_NO_PIC = NO;
				GCC_NO_COMMON_BLOCKS = YES;
				GCC_OPTIMIZATION_LEVEL = 0;
				GCC_PREPROCESSOR_DEFINITIONS = (
					"DEBUG=1",
					"$(inherited)",
				);
				GCC_WARN_64_TO_32_BIT_CONVERSION = YES;
				GCC_WARN_ABOUT_RETURN_TYPE = YES_ERROR;
				GCC_WARN_UNDECLARED_SELECTOR = YES;
				GCC_WARN_UNINITIALIZED_AUTOS = YES_AGGRESSIVE;
				GCC_WARN_UNUSED_FUNCTION = YES;
				GCC_WARN_UNUSED_VARIABLE = YES;
				IPHONEOS_DEPLOYMENT_TARGET = 13.1;
				MTL_ENABLE_DEBUG_INFO = INCLUDE_SOURCE;
				MTL_FAST_MATH = YES;
				ONLY_ACTIVE_ARCH = YES;
				SDKROOT = iphoneos;
				SWIFT_ACTIVE_COMPILATION_CONDITIONS = DEBUG;
				SWIFT_OPTIMIZATION_LEVEL = "-Onone";
			};
			name = Debug;
		};
		ED75743B235DAFD9004967A1 /* Release */ = {
			isa = XCBuildConfiguration;
			buildSettings = {
				ALWAYS_SEARCH_USER_PATHS = NO;
				CLANG_ANALYZER_NONNULL = YES;
				CLANG_ANALYZER_NUMBER_OBJECT_CONVERSION = YES_AGGRESSIVE;
				CLANG_CXX_LANGUAGE_STANDARD = "gnu++14";
				CLANG_CXX_LIBRARY = "libc++";
				CLANG_ENABLE_MODULES = YES;
				CLANG_ENABLE_OBJC_ARC = YES;
				CLANG_ENABLE_OBJC_WEAK = YES;
				CLANG_WARN_BLOCK_CAPTURE_AUTORELEASING = YES;
				CLANG_WARN_BOOL_CONVERSION = YES;
				CLANG_WARN_COMMA = YES;
				CLANG_WARN_CONSTANT_CONVERSION = YES;
				CLANG_WARN_DEPRECATED_OBJC_IMPLEMENTATIONS = YES;
				CLANG_WARN_DIRECT_OBJC_ISA_USAGE = YES_ERROR;
				CLANG_WARN_DOCUMENTATION_COMMENTS = YES;
				CLANG_WARN_EMPTY_BODY = YES;
				CLANG_WARN_ENUM_CONVERSION = YES;
				CLANG_WARN_INFINITE_RECURSION = YES;
				CLANG_WARN_INT_CONVERSION = YES;
				CLANG_WARN_NON_LITERAL_NULL_CONVERSION = YES;
				CLANG_WARN_OBJC_IMPLICIT_RETAIN_SELF = YES;
				CLANG_WARN_OBJC_LITERAL_CONVERSION = YES;
				CLANG_WARN_OBJC_ROOT_CLASS = YES_ERROR;
				CLANG_WARN_RANGE_LOOP_ANALYSIS = YES;
				CLANG_WARN_STRICT_PROTOTYPES = YES;
				CLANG_WARN_SUSPICIOUS_MOVE = YES;
				CLANG_WARN_UNGUARDED_AVAILABILITY = YES_AGGRESSIVE;
				CLANG_WARN_UNREACHABLE_CODE = YES;
				CLANG_WARN__DUPLICATE_METHOD_MATCH = YES;
				COPY_PHASE_STRIP = NO;
				DEBUG_INFORMATION_FORMAT = "dwarf-with-dsym";
				ENABLE_BITCODE = NO;
				ENABLE_NS_ASSERTIONS = NO;
				ENABLE_STRICT_OBJC_MSGSEND = YES;
				GCC_C_LANGUAGE_STANDARD = gnu11;
				GCC_NO_COMMON_BLOCKS = YES;
				GCC_WARN_64_TO_32_BIT_CONVERSION = YES;
				GCC_WARN_ABOUT_RETURN_TYPE = YES_ERROR;
				GCC_WARN_UNDECLARED_SELECTOR = YES;
				GCC_WARN_UNINITIALIZED_AUTOS = YES_AGGRESSIVE;
				GCC_WARN_UNUSED_FUNCTION = YES;
				GCC_WARN_UNUSED_VARIABLE = YES;
				IPHONEOS_DEPLOYMENT_TARGET = 13.1;
				MTL_ENABLE_DEBUG_INFO = NO;
				MTL_FAST_MATH = YES;
				SDKROOT = iphoneos;
				SWIFT_COMPILATION_MODE = wholemodule;
				SWIFT_OPTIMIZATION_LEVEL = "-O";
				VALIDATE_PRODUCT = YES;
			};
			name = Release;
		};
		ED75743D235DAFD9004967A1 /* Debug */ = {
			isa = XCBuildConfiguration;
			baseConfigurationReference = 4798AA6BC46E6B586BDBE311 /* Pods-Paint.debug.xcconfig */;
			buildSettings = {
				ARCHS = "$(ARCHS_STANDARD)";
				ASSETCATALOG_COMPILER_APPICON_NAME = AppIcon;
				CLANG_ENABLE_MODULES = YES;
				CODE_SIGN_IDENTITY = "iPhone Distribution";
				CODE_SIGN_STYLE = Manual;
				CURRENT_PROJECT_VERSION = 32;
				DEVELOPMENT_TEAM = 4633VCAR32;
				ENABLE_BITCODE = NO;
				FRAMEWORK_SEARCH_PATHS = (
					"$(inherited)",
					"$(PROJECT_DIR)",
					"$(PROJECT_DIR)/Paint\\ app\\ StoryboardUI",
					"$(PROJECT_DIR)/Paint",
				);
				INFOPLIST_FILE = Paint/Info.plist;
				IPHONEOS_DEPLOYMENT_TARGET = 12.4;
				LD_RUNPATH_SEARCH_PATHS = (
					"$(inherited)",
					"@executable_path/Frameworks",
				);
				PRODUCT_BUNDLE_IDENTIFIER = com.arnaucalTech.FlooringPaint;
				PRODUCT_NAME = "$(TARGET_NAME)";
				PROVISIONING_PROFILE_SPECIFIER = flooringPaint;
				SWIFT_OBJC_BRIDGING_HEADER = "Paint/Paint-Bridging-Header.h";
				SWIFT_OPTIMIZATION_LEVEL = "-Onone";
				SWIFT_VERSION = 5.0;
				TARGETED_DEVICE_FAMILY = 1;
			};
			name = Debug;
		};
		ED75743E235DAFD9004967A1 /* Release */ = {
			isa = XCBuildConfiguration;
			baseConfigurationReference = 49F9881C8FE616661772A13A /* Pods-Paint.release.xcconfig */;
			buildSettings = {
				ARCHS = "$(ARCHS_STANDARD)";
				ASSETCATALOG_COMPILER_APPICON_NAME = AppIcon;
				CLANG_ENABLE_MODULES = YES;
				CODE_SIGN_IDENTITY = "iPhone Distribution";
				CODE_SIGN_STYLE = Manual;
				CURRENT_PROJECT_VERSION = 32;
				DEVELOPMENT_TEAM = 4633VCAR32;
				ENABLE_BITCODE = NO;
				FRAMEWORK_SEARCH_PATHS = (
					"$(inherited)",
					"$(PROJECT_DIR)",
					"$(PROJECT_DIR)/Paint\\ app\\ StoryboardUI",
					"$(PROJECT_DIR)/Paint",
				);
				INFOPLIST_FILE = Paint/Info.plist;
				IPHONEOS_DEPLOYMENT_TARGET = 12.4;
				LD_RUNPATH_SEARCH_PATHS = (
					"$(inherited)",
					"@executable_path/Frameworks",
				);
				PRODUCT_BUNDLE_IDENTIFIER = com.arnaucalTech.FlooringPaint;
				PRODUCT_NAME = "$(TARGET_NAME)";
				PROVISIONING_PROFILE_SPECIFIER = flooringPaint;
				SWIFT_OBJC_BRIDGING_HEADER = "Paint/Paint-Bridging-Header.h";
				SWIFT_VERSION = 5.0;
				TARGETED_DEVICE_FAMILY = 1;
			};
			name = Release;
		};
		ED757440235DAFD9004967A1 /* Debug */ = {
			isa = XCBuildConfiguration;
			buildSettings = {
				ALWAYS_EMBED_SWIFT_STANDARD_LIBRARIES = YES;
				BUNDLE_LOADER = "$(TEST_HOST)";
				CODE_SIGN_STYLE = Automatic;
				DEVELOPMENT_TEAM = SSD8A77M73;
				INFOPLIST_FILE = "Paint app StoryboardUITests/Info.plist";
				IPHONEOS_DEPLOYMENT_TARGET = 13.1;
				LD_RUNPATH_SEARCH_PATHS = (
					"$(inherited)",
					"@executable_path/Frameworks",
					"@loader_path/Frameworks",
				);
				PRODUCT_BUNDLE_IDENTIFIER = "com.hcs.Paint-app-StoryboardUITests";
				PRODUCT_NAME = "$(TARGET_NAME)";
				SWIFT_VERSION = 5.0;
				TARGETED_DEVICE_FAMILY = "1,2";
				TEST_HOST = "$(BUILT_PRODUCTS_DIR)/PaintMe app StoryboardUI.app/PaintMe app StoryboardUI";
			};
			name = Debug;
		};
		ED757441235DAFD9004967A1 /* Release */ = {
			isa = XCBuildConfiguration;
			buildSettings = {
				ALWAYS_EMBED_SWIFT_STANDARD_LIBRARIES = YES;
				BUNDLE_LOADER = "$(TEST_HOST)";
				CODE_SIGN_STYLE = Automatic;
				DEVELOPMENT_TEAM = SSD8A77M73;
				INFOPLIST_FILE = "Paint app StoryboardUITests/Info.plist";
				IPHONEOS_DEPLOYMENT_TARGET = 13.1;
				LD_RUNPATH_SEARCH_PATHS = (
					"$(inherited)",
					"@executable_path/Frameworks",
					"@loader_path/Frameworks",
				);
				PRODUCT_BUNDLE_IDENTIFIER = "com.hcs.Paint-app-StoryboardUITests";
				PRODUCT_NAME = "$(TARGET_NAME)";
				SWIFT_VERSION = 5.0;
				TARGETED_DEVICE_FAMILY = "1,2";
				TEST_HOST = "$(BUILT_PRODUCTS_DIR)/PaintMe app StoryboardUI.app/PaintMe app StoryboardUI";
			};
			name = Release;
		};
		ED757443235DAFD9004967A1 /* Debug */ = {
			isa = XCBuildConfiguration;
			buildSettings = {
				ALWAYS_EMBED_SWIFT_STANDARD_LIBRARIES = YES;
				CODE_SIGN_STYLE = Automatic;
				DEVELOPMENT_TEAM = SSD8A77M73;
				INFOPLIST_FILE = "Paint app StoryboardUIUITests/Info.plist";
				LD_RUNPATH_SEARCH_PATHS = (
					"$(inherited)",
					"@executable_path/Frameworks",
					"@loader_path/Frameworks",
				);
				PRODUCT_BUNDLE_IDENTIFIER = "com.hcs.Paint-app-StoryboardUIUITests";
				PRODUCT_NAME = "$(TARGET_NAME)";
				SWIFT_VERSION = 5.0;
				TARGETED_DEVICE_FAMILY = "1,2";
				TEST_TARGET_NAME = "Paint app StoryboardUI";
			};
			name = Debug;
		};
		ED757444235DAFD9004967A1 /* Release */ = {
			isa = XCBuildConfiguration;
			buildSettings = {
				ALWAYS_EMBED_SWIFT_STANDARD_LIBRARIES = YES;
				CODE_SIGN_STYLE = Automatic;
				DEVELOPMENT_TEAM = SSD8A77M73;
				INFOPLIST_FILE = "Paint app StoryboardUIUITests/Info.plist";
				LD_RUNPATH_SEARCH_PATHS = (
					"$(inherited)",
					"@executable_path/Frameworks",
					"@loader_path/Frameworks",
				);
				PRODUCT_BUNDLE_IDENTIFIER = "com.hcs.Paint-app-StoryboardUIUITests";
				PRODUCT_NAME = "$(TARGET_NAME)";
				SWIFT_VERSION = 5.0;
				TARGETED_DEVICE_FAMILY = "1,2";
				TEST_TARGET_NAME = "Paint app StoryboardUI";
			};
			name = Release;
		};
/* End XCBuildConfiguration section */

/* Begin XCConfigurationList section */
		ED75740D235DAFD4004967A1 /* Build configuration list for PBXProject "Paint" */ = {
			isa = XCConfigurationList;
			buildConfigurations = (
				ED75743A235DAFD9004967A1 /* Debug */,
				ED75743B235DAFD9004967A1 /* Release */,
			);
			defaultConfigurationIsVisible = 0;
			defaultConfigurationName = Release;
		};
		ED75743C235DAFD9004967A1 /* Build configuration list for PBXNativeTarget "Paint" */ = {
			isa = XCConfigurationList;
			buildConfigurations = (
				ED75743D235DAFD9004967A1 /* Debug */,
				ED75743E235DAFD9004967A1 /* Release */,
			);
			defaultConfigurationIsVisible = 0;
			defaultConfigurationName = Release;
		};
		ED75743F235DAFD9004967A1 /* Build configuration list for PBXNativeTarget "PaintTests" */ = {
			isa = XCConfigurationList;
			buildConfigurations = (
				ED757440235DAFD9004967A1 /* Debug */,
				ED757441235DAFD9004967A1 /* Release */,
			);
			defaultConfigurationIsVisible = 0;
			defaultConfigurationName = Release;
		};
		ED757442235DAFD9004967A1 /* Build configuration list for PBXNativeTarget "PaintUITests" */ = {
			isa = XCConfigurationList;
			buildConfigurations = (
				ED757443235DAFD9004967A1 /* Debug */,
				ED757444235DAFD9004967A1 /* Release */,
			);
			defaultConfigurationIsVisible = 0;
			defaultConfigurationName = Release;
		};
/* End XCConfigurationList section */
	};
	rootObject = ED75740A235DAFD4004967A1 /* Project object */;
}
